// !$*UTF8*$!
{
	archiveVersion = 1;
	classes = {
	};
	objectVersion = 50;
	objects = {

/* Begin PBXBuildFile section */
		2D2D10FEE0D65F9F4BF21EA7 /* libPods-fetcher.a in Frameworks */ = {isa = PBXBuildFile; fileRef = 81343E85E898ACCCB6DF9F6E /* libPods-fetcher.a */; };
		AB40AA0A22EE5ECB004F80A7 /* AppDelegate.m in Sources */ = {isa = PBXBuildFile; fileRef = AB40AA0922EE5ECB004F80A7 /* AppDelegate.m */; };
		AB40AA0D22EE5ECB004F80A7 /* ViewController.m in Sources */ = {isa = PBXBuildFile; fileRef = AB40AA0C22EE5ECB004F80A7 /* ViewController.m */; };
		AB40AA1022EE5ECB004F80A7 /* Main.storyboard in Resources */ = {isa = PBXBuildFile; fileRef = AB40AA0E22EE5ECB004F80A7 /* Main.storyboard */; };
		AB40AA1222EE5ECD004F80A7 /* Assets.xcassets in Resources */ = {isa = PBXBuildFile; fileRef = AB40AA1122EE5ECD004F80A7 /* Assets.xcassets */; };
		AB40AA1522EE5ECD004F80A7 /* LaunchScreen.storyboard in Resources */ = {isa = PBXBuildFile; fileRef = AB40AA1322EE5ECD004F80A7 /* LaunchScreen.storyboard */; };
		AB40AA1822EE5ECD004F80A7 /* main.m in Sources */ = {isa = PBXBuildFile; fileRef = AB40AA1722EE5ECD004F80A7 /* main.m */; };
/* End PBXBuildFile section */

/* Begin PBXFileReference section */
		81343E85E898ACCCB6DF9F6E /* libPods-fetcher.a */ = {isa = PBXFileReference; explicitFileType = archive.ar; includeInIndex = 0; path = "libPods-fetcher.a"; sourceTree = BUILT_PRODUCTS_DIR; };
		AB40AA0522EE5ECB004F80A7 /* fetcher.app */ = {isa = PBXFileReference; explicitFileType = wrapper.application; includeInIndex = 0; path = fetcher.app; sourceTree = BUILT_PRODUCTS_DIR; };
		AB40AA0822EE5ECB004F80A7 /* AppDelegate.h */ = {isa = PBXFileReference; lastKnownFileType = sourcecode.c.h; path = AppDelegate.h; sourceTree = "<group>"; };
		AB40AA0922EE5ECB004F80A7 /* AppDelegate.m */ = {isa = PBXFileReference; lastKnownFileType = sourcecode.c.objc; path = AppDelegate.m; sourceTree = "<group>"; };
		AB40AA0B22EE5ECB004F80A7 /* ViewController.h */ = {isa = PBXFileReference; lastKnownFileType = sourcecode.c.h; path = ViewController.h; sourceTree = "<group>"; };
		AB40AA0C22EE5ECB004F80A7 /* ViewController.m */ = {isa = PBXFileReference; lastKnownFileType = sourcecode.c.objc; path = ViewController.m; sourceTree = "<group>"; };
		AB40AA0F22EE5ECB004F80A7 /* Base */ = {isa = PBXFileReference; lastKnownFileType = file.storyboard; name = Base; path = Base.lproj/Main.storyboard; sourceTree = "<group>"; };
		AB40AA1122EE5ECD004F80A7 /* Assets.xcassets */ = {isa = PBXFileReference; lastKnownFileType = folder.assetcatalog; path = Assets.xcassets; sourceTree = "<group>"; };
		AB40AA1422EE5ECD004F80A7 /* Base */ = {isa = PBXFileReference; lastKnownFileType = file.storyboard; name = Base; path = Base.lproj/LaunchScreen.storyboard; sourceTree = "<group>"; };
		AB40AA1622EE5ECD004F80A7 /* Info.plist */ = {isa = PBXFileReference; lastKnownFileType = text.plist.xml; path = Info.plist; sourceTree = "<group>"; };
		AB40AA1722EE5ECD004F80A7 /* main.m */ = {isa = PBXFileReference; lastKnownFileType = sourcecode.c.objc; path = main.m; sourceTree = "<group>"; };
		B974B9ADFD19ED009E266D8E /* Pods-fetcher.debug.xcconfig */ = {isa = PBXFileReference; includeInIndex = 1; lastKnownFileType = text.xcconfig; name = "Pods-fetcher.debug.xcconfig"; path = "Pods/Target Support Files/Pods-fetcher/Pods-fetcher.debug.xcconfig"; sourceTree = "<group>"; };
		DA88D18BEAB0F85A4679B0D4 /* Pods-fetcher.release.xcconfig */ = {isa = PBXFileReference; includeInIndex = 1; lastKnownFileType = text.xcconfig; name = "Pods-fetcher.release.xcconfig"; path = "Pods/Target Support Files/Pods-fetcher/Pods-fetcher.release.xcconfig"; sourceTree = "<group>"; };
/* End PBXFileReference section */

/* Begin PBXFrameworksBuildPhase section */
		AB40AA0222EE5ECB004F80A7 /* Frameworks */ = {
			isa = PBXFrameworksBuildPhase;
			buildActionMask = 2147483647;
			files = (
				2D2D10FEE0D65F9F4BF21EA7 /* libPods-fetcher.a in Frameworks */,
			);
			runOnlyForDeploymentPostprocessing = 0;
		};
/* End PBXFrameworksBuildPhase section */

/* Begin PBXGroup section */
		28EC3836357DCBDB5B5D24D5 /* Frameworks */ = {
			isa = PBXGroup;
			children = (
				81343E85E898ACCCB6DF9F6E /* libPods-fetcher.a */,
			);
			name = Frameworks;
			sourceTree = "<group>";
		};
		8500FAAE141204A550BD7374 /* Pods */ = {
			isa = PBXGroup;
			children = (
				B974B9ADFD19ED009E266D8E /* Pods-fetcher.debug.xcconfig */,
				DA88D18BEAB0F85A4679B0D4 /* Pods-fetcher.release.xcconfig */,
			);
			name = Pods;
			sourceTree = "<group>";
		};
		AB40A9FC22EE5ECB004F80A7 = {
			isa = PBXGroup;
			children = (
				AB40AA0722EE5ECB004F80A7 /* fetcher */,
				AB40AA0622EE5ECB004F80A7 /* Products */,
				8500FAAE141204A550BD7374 /* Pods */,
				28EC3836357DCBDB5B5D24D5 /* Frameworks */,
			);
			sourceTree = "<group>";
		};
		AB40AA0622EE5ECB004F80A7 /* Products */ = {
			isa = PBXGroup;
			children = (
				AB40AA0522EE5ECB004F80A7 /* fetcher.app */,
			);
			name = Products;
			sourceTree = "<group>";
		};
		AB40AA0722EE5ECB004F80A7 /* fetcher */ = {
			isa = PBXGroup;
			children = (
				AB40AA0822EE5ECB004F80A7 /* AppDelegate.h */,
				AB40AA0922EE5ECB004F80A7 /* AppDelegate.m */,
				AB40AA0B22EE5ECB004F80A7 /* ViewController.h */,
				AB40AA0C22EE5ECB004F80A7 /* ViewController.m */,
				AB40AA0E22EE5ECB004F80A7 /* Main.storyboard */,
				AB40AA1122EE5ECD004F80A7 /* Assets.xcassets */,
				AB40AA1322EE5ECD004F80A7 /* LaunchScreen.storyboard */,
				AB40AA1622EE5ECD004F80A7 /* Info.plist */,
				AB40AA1722EE5ECD004F80A7 /* main.m */,
			);
			path = fetcher;
			sourceTree = "<group>";
		};
/* End PBXGroup section */

/* Begin PBXNativeTarget section */
		AB40AA0422EE5ECB004F80A7 /* fetcher */ = {
			isa = PBXNativeTarget;
			buildConfigurationList = AB40AA1B22EE5ECD004F80A7 /* Build configuration list for PBXNativeTarget "fetcher" */;
			buildPhases = (
				0EF38CF6DBD11618A3105B54 /* [CP] Check Pods Manifest.lock */,
				AB40AA0122EE5ECB004F80A7 /* Sources */,
				AB40AA0222EE5ECB004F80A7 /* Frameworks */,
				AB40AA0322EE5ECB004F80A7 /* Resources */,
			);
			buildRules = (
			);
			dependencies = (
			);
			name = fetcher;
			productName = fetcher;
			productReference = AB40AA0522EE5ECB004F80A7 /* fetcher.app */;
			productType = "com.apple.product-type.application";
		};
/* End PBXNativeTarget section */

/* Begin PBXProject section */
		AB40A9FD22EE5ECB004F80A7 /* Project object */ = {
			isa = PBXProject;
			attributes = {
				LastUpgradeCheck = 1010;
				ORGANIZATIONNAME = "Tony Lu";
				TargetAttributes = {
					AB40AA0422EE5ECB004F80A7 = {
						CreatedOnToolsVersion = 10.1;
					};
				};
			};
			buildConfigurationList = AB40AA0022EE5ECB004F80A7 /* Build configuration list for PBXProject "fetcher" */;
			compatibilityVersion = "Xcode 9.3";
			developmentRegion = en;
			hasScannedForEncodings = 0;
			knownRegions = (
				en,
				Base,
			);
			mainGroup = AB40A9FC22EE5ECB004F80A7;
			productRefGroup = AB40AA0622EE5ECB004F80A7 /* Products */;
			projectDirPath = "";
			projectRoot = "";
			targets = (
				AB40AA0422EE5ECB004F80A7 /* fetcher */,
			);
		};
/* End PBXProject section */

/* Begin PBXResourcesBuildPhase section */
		AB40AA0322EE5ECB004F80A7 /* Resources */ = {
			isa = PBXResourcesBuildPhase;
			buildActionMask = 2147483647;
			files = (
				AB40AA1522EE5ECD004F80A7 /* LaunchScreen.storyboard in Resources */,
				AB40AA1222EE5ECD004F80A7 /* Assets.xcassets in Resources */,
				AB40AA1022EE5ECB004F80A7 /* Main.storyboard in Resources */,
			);
			runOnlyForDeploymentPostprocessing = 0;
		};
/* End PBXResourcesBuildPhase section */

/* Begin PBXShellScriptBuildPhase section */
		0EF38CF6DBD11618A3105B54 /* [CP] Check Pods Manifest.lock */ = {
			isa = PBXShellScriptBuildPhase;
			buildActionMask = 2147483647;
			files = (
			);
			inputFileListPaths = (
			);
			inputPaths = (
				"${PODS_PODFILE_DIR_PATH}/Podfile.lock",
				"${PODS_ROOT}/Manifest.lock",
			);
			name = "[CP] Check Pods Manifest.lock";
			outputFileListPaths = (
			);
			outputPaths = (
				"$(DERIVED_FILE_DIR)/Pods-fetcher-checkManifestLockResult.txt",
			);
			runOnlyForDeploymentPostprocessing = 0;
			shellPath = /bin/sh;
			shellScript = "diff \"${PODS_PODFILE_DIR_PATH}/Podfile.lock\" \"${PODS_ROOT}/Manifest.lock\" > /dev/null\nif [ $? != 0 ] ; then\n    # print error to STDERR\n    echo \"error: The sandbox is not in sync with the Podfile.lock. Run 'pod install' or update your CocoaPods installation.\" >&2\n    exit 1\nfi\n# This output is used by Xcode 'outputs' to avoid re-running this script phase.\necho \"SUCCESS\" > \"${SCRIPT_OUTPUT_FILE_0}\"\n";
			showEnvVarsInLog = 0;
		};
/* End PBXShellScriptBuildPhase section */

/* Begin PBXSourcesBuildPhase section */
		AB40AA0122EE5ECB004F80A7 /* Sources */ = {
			isa = PBXSourcesBuildPhase;
			buildActionMask = 2147483647;
			files = (
				AB40AA0D22EE5ECB004F80A7 /* ViewController.m in Sources */,
				AB40AA1822EE5ECD004F80A7 /* main.m in Sources */,
				AB40AA0A22EE5ECB004F80A7 /* AppDelegate.m in Sources */,
			);
			runOnlyForDeploymentPostprocessing = 0;
		};
/* End PBXSourcesBuildPhase section */

/* Begin PBXVariantGroup section */
		AB40AA0E22EE5ECB004F80A7 /* Main.storyboard */ = {
			isa = PBXVariantGroup;
			children = (
				AB40AA0F22EE5ECB004F80A7 /* Base */,
			);
			name = Main.storyboard;
			sourceTree = "<group>";
		};
		AB40AA1322EE5ECD004F80A7 /* LaunchScreen.storyboard */ = {
			isa = PBXVariantGroup;
			children = (
				AB40AA1422EE5ECD004F80A7 /* Base */,
			);
			name = LaunchScreen.storyboard;
			sourceTree = "<group>";
		};
/* End PBXVariantGroup section */

/* Begin XCBuildConfiguration section */
		AB40AA1922EE5ECD004F80A7 /* Debug */ = {
			isa = XCBuildConfiguration;
			buildSettings = {
				ALWAYS_SEARCH_USER_PATHS = NO;
				CLANG_ANALYZER_NONNULL = YES;
				CLANG_ANALYZER_NUMBER_OBJECT_CONVERSION = YES_AGGRESSIVE;
				CLANG_CXX_LANGUAGE_STANDARD = "gnu++14";
				CLANG_CXX_LIBRARY = "libc++";
				CLANG_ENABLE_MODULES = YES;
				CLANG_ENABLE_OBJC_ARC = YES;
				CLANG_ENABLE_OBJC_WEAK = YES;
				CLANG_WARN_BLOCK_CAPTURE_AUTORELEASING = YES;
				CLANG_WARN_BOOL_CONVERSION = YES;
				CLANG_WARN_COMMA = YES;
				CLANG_WARN_CONSTANT_CONVERSION = YES;
				CLANG_WARN_DEPRECATED_OBJC_IMPLEMENTATIONS = YES;
				CLANG_WARN_DIRECT_OBJC_ISA_USAGE = YES_ERROR;
				CLANG_WARN_DOCUMENTATION_COMMENTS = YES;
				CLANG_WARN_EMPTY_BODY = YES;
				CLANG_WARN_ENUM_CONVERSION = YES;
				CLANG_WARN_INFINITE_RECURSION = YES;
				CLANG_WARN_INT_CONVERSION = YES;
				CLANG_WARN_NON_LITERAL_NULL_CONVERSION = YES;
				CLANG_WARN_OBJC_IMPLICIT_RETAIN_SELF = YES;
				CLANG_WARN_OBJC_LITERAL_CONVERSION = YES;
				CLANG_WARN_OBJC_ROOT_CLASS = YES_ERROR;
				CLANG_WARN_RANGE_LOOP_ANALYSIS = YES;
				CLANG_WARN_STRICT_PROTOTYPES = YES;
				CLANG_WARN_SUSPICIOUS_MOVE = YES;
				CLANG_WARN_UNGUARDED_AVAILABILITY = YES_AGGRESSIVE;
				CLANG_WARN_UNREACHABLE_CODE = YES;
				CLANG_WARN__DUPLICATE_METHOD_MATCH = YES;
				CODE_SIGN_IDENTITY = "iPhone Developer";
				COPY_PHASE_STRIP = NO;
				DEBUG_INFORMATION_FORMAT = dwarf;
				ENABLE_STRICT_OBJC_MSGSEND = YES;
				ENABLE_TESTABILITY = YES;
				GCC_C_LANGUAGE_STANDARD = gnu11;
				GCC_DYNAMIC_NO_PIC = NO;
				GCC_NO_COMMON_BLOCKS = YES;
				GCC_OPTIMIZATION_LEVEL = 0;
				GCC_PREPROCESSOR_DEFINITIONS = (
					"DEBUG=1",
					"$(inherited)",
				);
				GCC_WARN_64_TO_32_BIT_CONVERSION = YES;
				GCC_WARN_ABOUT_RETURN_TYPE = YES_ERROR;
				GCC_WARN_UNDECLARED_SELECTOR = YES;
				GCC_WARN_UNINITIALIZED_AUTOS = YES_AGGRESSIVE;
				GCC_WARN_UNUSED_FUNCTION = YES;
				GCC_WARN_UNUSED_VARIABLE = YES;
				IPHONEOS_DEPLOYMENT_TARGET = 12.1;
				MTL_ENABLE_DEBUG_INFO = INCLUDE_SOURCE;
				MTL_FAST_MATH = YES;
				ONLY_ACTIVE_ARCH = YES;
				SDKROOT = iphoneos;
			};
			name = Debug;
		};
		AB40AA1A22EE5ECD004F80A7 /* Release */ = {
			isa = XCBuildConfiguration;
			buildSettings = {
				ALWAYS_SEARCH_USER_PATHS = NO;
				CLANG_ANALYZER_NONNULL = YES;
				CLANG_ANALYZER_NUMBER_OBJECT_CONVERSION = YES_AGGRESSIVE;
				CLANG_CXX_LANGUAGE_STANDARD = "gnu++14";
				CLANG_CXX_LIBRARY = "libc++";
				CLANG_ENABLE_MODULES = YES;
				CLANG_ENABLE_OBJC_ARC = YES;
				CLANG_ENABLE_OBJC_WEAK = YES;
				CLANG_WARN_BLOCK_CAPTURE_AUTORELEASING = YES;
				CLANG_WARN_BOOL_CONVERSION = YES;
				CLANG_WARN_COMMA = YES;
				CLANG_WARN_CONSTANT_CONVERSION = YES;
				CLANG_WARN_DEPRECATED_OBJC_IMPLEMENTATIONS = YES;
				CLANG_WARN_DIRECT_OBJC_ISA_USAGE = YES_ERROR;
				CLANG_WARN_DOCUMENTATION_COMMENTS = YES;
				CLANG_WARN_EMPTY_BODY = YES;
				CLANG_WARN_ENUM_CONVERSION = YES;
				CLANG_WARN_INFINITE_RECURSION = YES;
				CLANG_WARN_INT_CONVERSION = YES;
				CLANG_WARN_NON_LITERAL_NULL_CONVERSION = YES;
				CLANG_WARN_OBJC_IMPLICIT_RETAIN_SELF = YES;
				CLANG_WARN_OBJC_LITERAL_CONVERSION = YES;
				CLANG_WARN_OBJC_ROOT_CLASS = YES_ERROR;
				CLANG_WARN_RANGE_LOOP_ANALYSIS = YES;
				CLANG_WARN_STRICT_PROTOTYPES = YES;
				CLANG_WARN_SUSPICIOUS_MOVE = YES;
				CLANG_WARN_UNGUARDED_AVAILABILITY = YES_AGGRESSIVE;
				CLANG_WARN_UNREACHABLE_CODE = YES;
				CLANG_WARN__DUPLICATE_METHOD_MATCH = YES;
				CODE_SIGN_IDENTITY = "iPhone Developer";
				COPY_PHASE_STRIP = NO;
				DEBUG_INFORMATION_FORMAT = "dwarf-with-dsym";
				ENABLE_NS_ASSERTIONS = NO;
				ENABLE_STRICT_OBJC_MSGSEND = YES;
				GCC_C_LANGUAGE_STANDARD = gnu11;
				GCC_NO_COMMON_BLOCKS = YES;
				GCC_WARN_64_TO_32_BIT_CONVERSION = YES;
				GCC_WARN_ABOUT_RETURN_TYPE = YES_ERROR;
				GCC_WARN_UNDECLARED_SELECTOR = YES;
				GCC_WARN_UNINITIALIZED_AUTOS = YES_AGGRESSIVE;
				GCC_WARN_UNUSED_FUNCTION = YES;
				GCC_WARN_UNUSED_VARIABLE = YES;
				IPHONEOS_DEPLOYMENT_TARGET = 12.1;
				MTL_ENABLE_DEBUG_INFO = NO;
				MTL_FAST_MATH = YES;
				SDKROOT = iphoneos;
				VALIDATE_PRODUCT = YES;
			};
			name = Release;
		};
		AB40AA1C22EE5ECD004F80A7 /* Debug */ = {
			isa = XCBuildConfiguration;
			baseConfigurationReference = B974B9ADFD19ED009E266D8E /* Pods-fetcher.debug.xcconfig */;
			buildSettings = {
				ASSETCATALOG_COMPILER_APPICON_NAME = AppIcon;
				CODE_SIGN_STYLE = Automatic;
				DEVELOPMENT_TEAM = 6T98ZJNPG5;
				INFOPLIST_FILE = fetcher/Info.plist;
				IPHONEOS_DEPLOYMENT_TARGET = 12.1;
				LD_RUNPATH_SEARCH_PATHS = (
					"$(inherited)",
					"@executable_path/Frameworks",
				);
				PRODUCT_BUNDLE_IDENTIFIER = com.google.fetcher;
				PRODUCT_NAME = "$(TARGET_NAME)";
				TARGETED_DEVICE_FAMILY = "1,2";
			};
			name = Debug;
		};
		AB40AA1D22EE5ECD004F80A7 /* Release */ = {
			isa = XCBuildConfiguration;
			baseConfigurationReference = DA88D18BEAB0F85A4679B0D4 /* Pods-fetcher.release.xcconfig */;
			buildSettings = {
				ASSETCATALOG_COMPILER_APPICON_NAME = AppIcon;
				CODE_SIGN_STYLE = Automatic;
				DEVELOPMENT_TEAM = 6T98ZJNPG5;
				INFOPLIST_FILE = fetcher/Info.plist;
				IPHONEOS_DEPLOYMENT_TARGET = 12.1;
				LD_RUNPATH_SEARCH_PATHS = (
					"$(inherited)",
					"@executable_path/Frameworks",
				);
				PRODUCT_BUNDLE_IDENTIFIER = com.google.fetcher;
				PRODUCT_NAME = "$(TARGET_NAME)";
				TARGETED_DEVICE_FAMILY = "1,2";
			};
			name = Release;
		};
/* End XCBuildConfiguration section */

/* Begin XCConfigurationList section */
		AB40AA0022EE5ECB004F80A7 /* Build configuration list for PBXProject "fetcher" */ = {
			isa = XCConfigurationList;
			buildConfigurations = (
				AB40AA1922EE5ECD004F80A7 /* Debug */,
				AB40AA1A22EE5ECD004F80A7 /* Release */,
			);
			defaultConfigurationIsVisible = 0;
			defaultConfigurationName = Release;
		};
		AB40AA1B22EE5ECD004F80A7 /* Build configuration list for PBXNativeTarget "fetcher" */ = {
			isa = XCConfigurationList;
			buildConfigurations = (
				AB40AA1C22EE5ECD004F80A7 /* Debug */,
				AB40AA1D22EE5ECD004F80A7 /* Release */,
			);
			defaultConfigurationIsVisible = 0;
			defaultConfigurationName = Release;
		};
/* End XCConfigurationList section */
	};
	rootObject = AB40A9FD22EE5ECB004F80A7 /* Project object */;
}
